// !$*UTF8*$!
{
	archiveVersion = 1;
	classes = {
	};
	objectVersion = 50;
	objects = {

/* Begin PBXBuildFile section */
		1CCAA833029E6C7FA9D0D70E /* Pods_Washroom_Rush.framework in Frameworks */ = {isa = PBXBuildFile; fileRef = D78EF34960CD00D11E048019 /* Pods_Washroom_Rush.framework */; };
		E15A1A302283C631007E6717 /* CommentViewController.swift in Sources */ = {isa = PBXBuildFile; fileRef = E15A1A2F2283C631007E6717 /* CommentViewController.swift */; };
		E15A1A322283CD79007E6717 /* CustomCell.swift in Sources */ = {isa = PBXBuildFile; fileRef = E15A1A312283CD79007E6717 /* CustomCell.swift */; };
		E1D4449B228131B100C693E7 /* AppDelegate.swift in Sources */ = {isa = PBXBuildFile; fileRef = E1D4449A228131B100C693E7 /* AppDelegate.swift */; };
		E1D4449D228131B100C693E7 /* ViewController.swift in Sources */ = {isa = PBXBuildFile; fileRef = E1D4449C228131B100C693E7 /* ViewController.swift */; };
		E1D444A0228131B100C693E7 /* Main.storyboard in Resources */ = {isa = PBXBuildFile; fileRef = E1D4449E228131B100C693E7 /* Main.storyboard */; };
		E1D444A2228131B100C693E7 /* Assets.xcassets in Resources */ = {isa = PBXBuildFile; fileRef = E1D444A1228131B100C693E7 /* Assets.xcassets */; };
		E1D444A5228131B100C693E7 /* LaunchScreen.storyboard in Resources */ = {isa = PBXBuildFile; fileRef = E1D444A3228131B100C693E7 /* LaunchScreen.storyboard */; };
/* End PBXBuildFile section */

/* Begin PBXFileReference section */
		0FBF03625CAF628EA25DE47F /* Pods-Washroom_Rush.release.xcconfig */ = {isa = PBXFileReference; includeInIndex = 1; lastKnownFileType = text.xcconfig; name = "Pods-Washroom_Rush.release.xcconfig"; path = "Pods/Target Support Files/Pods-Washroom_Rush/Pods-Washroom_Rush.release.xcconfig"; sourceTree = "<group>"; };
		95C4B6B993585B5105CE5518 /* Pods-Washroom_Rush.debug.xcconfig */ = {isa = PBXFileReference; includeInIndex = 1; lastKnownFileType = text.xcconfig; name = "Pods-Washroom_Rush.debug.xcconfig"; path = "Pods/Target Support Files/Pods-Washroom_Rush/Pods-Washroom_Rush.debug.xcconfig"; sourceTree = "<group>"; };
		D78EF34960CD00D11E048019 /* Pods_Washroom_Rush.framework */ = {isa = PBXFileReference; explicitFileType = wrapper.framework; includeInIndex = 0; path = Pods_Washroom_Rush.framework; sourceTree = BUILT_PRODUCTS_DIR; };
		E15A1A2F2283C631007E6717 /* CommentViewController.swift */ = {isa = PBXFileReference; lastKnownFileType = sourcecode.swift; path = CommentViewController.swift; sourceTree = "<group>"; };
		E15A1A312283CD79007E6717 /* CustomCell.swift */ = {isa = PBXFileReference; lastKnownFileType = sourcecode.swift; path = CustomCell.swift; sourceTree = "<group>"; };
		E1D44497228131B000C693E7 /* Washroom_Rush.app */ = {isa = PBXFileReference; explicitFileType = wrapper.application; includeInIndex = 0; path = Washroom_Rush.app; sourceTree = BUILT_PRODUCTS_DIR; };
		E1D4449A228131B100C693E7 /* AppDelegate.swift */ = {isa = PBXFileReference; lastKnownFileType = sourcecode.swift; path = AppDelegate.swift; sourceTree = "<group>"; };
		E1D4449C228131B100C693E7 /* ViewController.swift */ = {isa = PBXFileReference; lastKnownFileType = sourcecode.swift; path = ViewController.swift; sourceTree = "<group>"; };
		E1D4449F228131B100C693E7 /* Base */ = {isa = PBXFileReference; lastKnownFileType = file.storyboard; name = Base; path = Base.lproj/Main.storyboard; sourceTree = "<group>"; };
		E1D444A1228131B100C693E7 /* Assets.xcassets */ = {isa = PBXFileReference; lastKnownFileType = folder.assetcatalog; path = Assets.xcassets; sourceTree = "<group>"; };
		E1D444A4228131B100C693E7 /* Base */ = {isa = PBXFileReference; lastKnownFileType = file.storyboard; name = Base; path = Base.lproj/LaunchScreen.storyboard; sourceTree = "<group>"; };
		E1D444A6228131B100C693E7 /* Info.plist */ = {isa = PBXFileReference; lastKnownFileType = text.plist.xml; path = Info.plist; sourceTree = "<group>"; };
/* End PBXFileReference section */

/* Begin PBXFrameworksBuildPhase section */
		E1D44494228131B000C693E7 /* Frameworks */ = {
			isa = PBXFrameworksBuildPhase;
			buildActionMask = 2147483647;
			files = (
				1CCAA833029E6C7FA9D0D70E /* Pods_Washroom_Rush.framework in Frameworks */,
			);
			runOnlyForDeploymentPostprocessing = 0;
		};
/* End PBXFrameworksBuildPhase section */

/* Begin PBXGroup section */
		69E993641A061189CBC269FD /* Pods */ = {
			isa = PBXGroup;
			children = (
				95C4B6B993585B5105CE5518 /* Pods-Washroom_Rush.debug.xcconfig */,
				0FBF03625CAF628EA25DE47F /* Pods-Washroom_Rush.release.xcconfig */,
			);
			name = Pods;
			sourceTree = "<group>";
		};
		E1D4448E228131B000C693E7 = {
			isa = PBXGroup;
			children = (
				E1D44499228131B000C693E7 /* Washroom_Rush */,
				E1D44498228131B000C693E7 /* Products */,
				69E993641A061189CBC269FD /* Pods */,
				E7105EDA2F46474DF79BC6B6 /* Frameworks */,
			);
			sourceTree = "<group>";
		};
		E1D44498228131B000C693E7 /* Products */ = {
			isa = PBXGroup;
			children = (
				E1D44497228131B000C693E7 /* Washroom_Rush.app */,
			);
			name = Products;
			sourceTree = "<group>";
		};
		E1D44499228131B000C693E7 /* Washroom_Rush */ = {
			isa = PBXGroup;
			children = (
				E1D4449A228131B100C693E7 /* AppDelegate.swift */,
				E1D4449C228131B100C693E7 /* ViewController.swift */,
				E15A1A2F2283C631007E6717 /* CommentViewController.swift */,
				E15A1A312283CD79007E6717 /* CustomCell.swift */,
				E1D4449E228131B100C693E7 /* Main.storyboard */,
				E1D444A1228131B100C693E7 /* Assets.xcassets */,
				E1D444A3228131B100C693E7 /* LaunchScreen.storyboard */,
				E1D444A6228131B100C693E7 /* Info.plist */,
			);
			path = Washroom_Rush;
			sourceTree = "<group>";
		};
		E7105EDA2F46474DF79BC6B6 /* Frameworks */ = {
			isa = PBXGroup;
			children = (
				D78EF34960CD00D11E048019 /* Pods_Washroom_Rush.framework */,
			);
			name = Frameworks;
			sourceTree = "<group>";
		};
/* End PBXGroup section */

/* Begin PBXNativeTarget section */
		E1D44496228131B000C693E7 /* Washroom_Rush */ = {
			isa = PBXNativeTarget;
			buildConfigurationList = E1D444A9228131B100C693E7 /* Build configuration list for PBXNativeTarget "Washroom_Rush" */;
			buildPhases = (
				B33BFACF7E378BA2DBD14EE8 /* [CP] Check Pods Manifest.lock */,
				E1D44493228131B000C693E7 /* Sources */,
				E1D44494228131B000C693E7 /* Frameworks */,
				E1D44495228131B000C693E7 /* Resources */,
				C4EC888AD0285809FF12C187 /* [CP] Embed Pods Frameworks */,
				D117E6F0D45C068647B341B1 /* [CP] Copy Pods Resources */,
			);
			buildRules = (
			);
			dependencies = (
			);
			name = Washroom_Rush;
			productName = Washroom_Rush;
			productReference = E1D44497228131B000C693E7 /* Washroom_Rush.app */;
			productType = "com.apple.product-type.application";
		};
/* End PBXNativeTarget section */

/* Begin PBXProject section */
		E1D4448F228131B000C693E7 /* Project object */ = {
			isa = PBXProject;
			attributes = {
				LastSwiftUpdateCheck = 0940;
				LastUpgradeCheck = 0940;
				ORGANIZATIONNAME = "Andy Chang";
				TargetAttributes = {
					E1D44496228131B000C693E7 = {
						CreatedOnToolsVersion = 9.4.1;
					};
				};
			};
			buildConfigurationList = E1D44492228131B000C693E7 /* Build configuration list for PBXProject "Washroom_Rush" */;
			compatibilityVersion = "Xcode 9.3";
			developmentRegion = en;
			hasScannedForEncodings = 0;
			knownRegions = (
				en,
				Base,
			);
			mainGroup = E1D4448E228131B000C693E7;
			productRefGroup = E1D44498228131B000C693E7 /* Products */;
			projectDirPath = "";
			projectRoot = "";
			targets = (
				E1D44496228131B000C693E7 /* Washroom_Rush */,
			);
		};
/* End PBXProject section */

/* Begin PBXResourcesBuildPhase section */
		E1D44495228131B000C693E7 /* Resources */ = {
			isa = PBXResourcesBuildPhase;
			buildActionMask = 2147483647;
			files = (
				E1D444A5228131B100C693E7 /* LaunchScreen.storyboard in Resources */,
				E1D444A2228131B100C693E7 /* Assets.xcassets in Resources */,
				E1D444A0228131B100C693E7 /* Main.storyboard in Resources */,
			);
			runOnlyForDeploymentPostprocessing = 0;
		};
/* End PBXResourcesBuildPhase section */

/* Begin PBXShellScriptBuildPhase section */
		B33BFACF7E378BA2DBD14EE8 /* [CP] Check Pods Manifest.lock */ = {
			isa = PBXShellScriptBuildPhase;
			buildActionMask = 2147483647;
			files = (
			);
			inputPaths = (
				"${PODS_PODFILE_DIR_PATH}/Podfile.lock",
				"${PODS_ROOT}/Manifest.lock",
			);
			name = "[CP] Check Pods Manifest.lock";
			outputPaths = (
				"$(DERIVED_FILE_DIR)/Pods-Washroom_Rush-checkManifestLockResult.txt",
			);
			runOnlyForDeploymentPostprocessing = 0;
			shellPath = /bin/sh;
			shellScript = "diff \"${PODS_PODFILE_DIR_PATH}/Podfile.lock\" \"${PODS_ROOT}/Manifest.lock\" > /dev/null\nif [ $? != 0 ] ; then\n    # print error to STDERR\n    echo \"error: The sandbox is not in sync with the Podfile.lock. Run 'pod install' or update your CocoaPods installation.\" >&2\n    exit 1\nfi\n# This output is used by Xcode 'outputs' to avoid re-running this script phase.\necho \"SUCCESS\" > \"${SCRIPT_OUTPUT_FILE_0}\"\n";
			showEnvVarsInLog = 0;
		};
		C4EC888AD0285809FF12C187 /* [CP] Embed Pods Frameworks */ = {
			isa = PBXShellScriptBuildPhase;
			buildActionMask = 2147483647;
			files = (
			);
			inputPaths = (
				"${SRCROOT}/Pods/Target Support Files/Pods-Washroom_Rush/Pods-Washroom_Rush-frameworks.sh",
				"${BUILT_PRODUCTS_DIR}/Alamofire/Alamofire.framework",
				"${BUILT_PRODUCTS_DIR}/SwiftyJSON/SwiftyJSON.framework",
			);
			name = "[CP] Embed Pods Frameworks";
			outputPaths = (
				"${TARGET_BUILD_DIR}/${FRAMEWORKS_FOLDER_PATH}/Alamofire.framework",
				"${TARGET_BUILD_DIR}/${FRAMEWORKS_FOLDER_PATH}/SwiftyJSON.framework",
			);
			runOnlyForDeploymentPostprocessing = 0;
			shellPath = /bin/sh;
			shellScript = "\"${SRCROOT}/Pods/Target Support Files/Pods-Washroom_Rush/Pods-Washroom_Rush-frameworks.sh\"\n";
			showEnvVarsInLog = 0;
		};
		D117E6F0D45C068647B341B1 /* [CP] Copy Pods Resources */ = {
			isa = PBXShellScriptBuildPhase;
			buildActionMask = 2147483647;
			files = (
			);
			inputPaths = (
				"${SRCROOT}/Pods/Target Support Files/Pods-Washroom_Rush/Pods-Washroom_Rush-resources.sh",
				"${PODS_ROOT}/GoogleMaps/Maps/Frameworks/GoogleMaps.framework/Resources/GoogleMaps.bundle",
				"${PODS_ROOT}/GooglePlaces/Frameworks/GooglePlaces.framework/Resources/GooglePlaces.bundle",
			);
			name = "[CP] Copy Pods Resources";
			outputPaths = (
				"${TARGET_BUILD_DIR}/${UNLOCALIZED_RESOURCES_FOLDER_PATH}/GoogleMaps.bundle",
				"${TARGET_BUILD_DIR}/${UNLOCALIZED_RESOURCES_FOLDER_PATH}/GooglePlaces.bundle",
			);
			runOnlyForDeploymentPostprocessing = 0;
			shellPath = /bin/sh;
			shellScript = "\"${SRCROOT}/Pods/Target Support Files/Pods-Washroom_Rush/Pods-Washroom_Rush-resources.sh\"\n";
			showEnvVarsInLog = 0;
		};
/* End PBXShellScriptBuildPhase section */

/* Begin PBXSourcesBuildPhase section */
		E1D44493228131B000C693E7 /* Sources */ = {
			isa = PBXSourcesBuildPhase;
			buildActionMask = 2147483647;
			files = (
				E1D4449D228131B100C693E7 /* ViewController.swift in Sources */,
				E1D4449B228131B100C693E7 /* AppDelegate.swift in Sources */,
				E15A1A322283CD79007E6717 /* CustomCell.swift in Sources */,
				E15A1A302283C631007E6717 /* CommentViewController.swift in Sources */,
			);
			runOnlyForDeploymentPostprocessing = 0;
		};
/* End PBXSourcesBuildPhase section */

/* Begin PBXVariantGroup section */
		E1D4449E228131B100C693E7 /* Main.storyboard */ = {
			isa = PBXVariantGroup;
			children = (
				E1D4449F228131B100C693E7 /* Base */,
			);
			name = Main.storyboard;
			sourceTree = "<group>";
		};
		E1D444A3228131B100C693E7 /* LaunchScreen.storyboard */ = {
			isa = PBXVariantGroup;
			children = (
				E1D444A4228131B100C693E7 /* Base */,
			);
			name = LaunchScreen.storyboard;
			sourceTree = "<group>";
		};
/* End PBXVariantGroup section */

/* Begin XCBuildConfiguration section */
		E1D444A7228131B100C693E7 /* Debug */ = {
			isa = XCBuildConfiguration;
			buildSettings = {
				ALWAYS_SEARCH_USER_PATHS = NO;
				CLANG_ANALYZER_NONNULL = YES;
				CLANG_ANALYZER_NUMBER_OBJECT_CONVERSION = YES_AGGRESSIVE;
				CLANG_CXX_LANGUAGE_STANDARD = "gnu++14";
				CLANG_CXX_LIBRARY = "libc++";
				CLANG_ENABLE_MODULES = YES;
				CLANG_ENABLE_OBJC_ARC = YES;
				CLANG_ENABLE_OBJC_WEAK = YES;
				CLANG_WARN_BLOCK_CAPTURE_AUTORELEASING = YES;
				CLANG_WARN_BOOL_CONVERSION = YES;
				CLANG_WARN_COMMA = YES;
				CLANG_WARN_CONSTANT_CONVERSION = YES;
				CLANG_WARN_DEPRECATED_OBJC_IMPLEMENTATIONS = YES;
				CLANG_WARN_DIRECT_OBJC_ISA_USAGE = YES_ERROR;
				CLANG_WARN_DOCUMENTATION_COMMENTS = YES;
				CLANG_WARN_EMPTY_BODY = YES;
				CLANG_WARN_ENUM_CONVERSION = YES;
				CLANG_WARN_INFINITE_RECURSION = YES;
				CLANG_WARN_INT_CONVERSION = YES;
				CLANG_WARN_NON_LITERAL_NULL_CONVERSION = YES;
				CLANG_WARN_OBJC_IMPLICIT_RETAIN_SELF = YES;
				CLANG_WARN_OBJC_LITERAL_CONVERSION = YES;
				CLANG_WARN_OBJC_ROOT_CLASS = YES_ERROR;
				CLANG_WARN_RANGE_LOOP_ANALYSIS = YES;
				CLANG_WARN_STRICT_PROTOTYPES = YES;
				CLANG_WARN_SUSPICIOUS_MOVE = YES;
				CLANG_WARN_UNGUARDED_AVAILABILITY = YES_AGGRESSIVE;
				CLANG_WARN_UNREACHABLE_CODE = YES;
				CLANG_WARN__DUPLICATE_METHOD_MATCH = YES;
				CODE_SIGN_IDENTITY = "iPhone Developer";
				COPY_PHASE_STRIP = NO;
				DEBUG_INFORMATION_FORMAT = dwarf;
				ENABLE_STRICT_OBJC_MSGSEND = YES;
				ENABLE_TESTABILITY = YES;
				GCC_C_LANGUAGE_STANDARD = gnu11;
				GCC_DYNAMIC_NO_PIC = NO;
				GCC_NO_COMMON_BLOCKS = YES;
				GCC_OPTIMIZATION_LEVEL = 0;
				GCC_PREPROCESSOR_DEFINITIONS = (
					"DEBUG=1",
					"$(inherited)",
				);
				GCC_WARN_64_TO_32_BIT_CONVERSION = YES;
				GCC_WARN_ABOUT_RETURN_TYPE = YES_ERROR;
				GCC_WARN_UNDECLARED_SELECTOR = YES;
				GCC_WARN_UNINITIALIZED_AUTOS = YES_AGGRESSIVE;
				GCC_WARN_UNUSED_FUNCTION = YES;
				GCC_WARN_UNUSED_VARIABLE = YES;
				IPHONEOS_DEPLOYMENT_TARGET = 11.4;
				MTL_ENABLE_DEBUG_INFO = YES;
				ONLY_ACTIVE_ARCH = YES;
				SDKROOT = iphoneos;
				SWIFT_ACTIVE_COMPILATION_CONDITIONS = DEBUG;
				SWIFT_OPTIMIZATION_LEVEL = "-Onone";
			};
			name = Debug;
		};
		E1D444A8228131B100C693E7 /* Release */ = {
			isa = XCBuildConfiguration;
			buildSettings = {
				ALWAYS_SEARCH_USER_PATHS = NO;
				CLANG_ANALYZER_NONNULL = YES;
				CLANG_ANALYZER_NUMBER_OBJECT_CONVERSION = YES_AGGRESSIVE;
				CLANG_CXX_LANGUAGE_STANDARD = "gnu++14";
				CLANG_CXX_LIBRARY = "libc++";
				CLANG_ENABLE_MODULES = YES;
				CLANG_ENABLE_OBJC_ARC = YES;
				CLANG_ENABLE_OBJC_WEAK = YES;
				CLANG_WARN_BLOCK_CAPTURE_AUTORELEASING = YES;
				CLANG_WARN_BOOL_CONVERSION = YES;
				CLANG_WARN_COMMA = YES;
				CLANG_WARN_CONSTANT_CONVERSION = YES;
				CLANG_WARN_DEPRECATED_OBJC_IMPLEMENTATIONS = YES;
				CLANG_WARN_DIRECT_OBJC_ISA_USAGE = YES_ERROR;
				CLANG_WARN_DOCUMENTATION_COMMENTS = YES;
				CLANG_WARN_EMPTY_BODY = YES;
				CLANG_WARN_ENUM_CONVERSION = YES;
				CLANG_WARN_INFINITE_RECURSION = YES;
				CLANG_WARN_INT_CONVERSION = YES;
				CLANG_WARN_NON_LITERAL_NULL_CONVERSION = YES;
				CLANG_WARN_OBJC_IMPLICIT_RETAIN_SELF = YES;
				CLANG_WARN_OBJC_LITERAL_CONVERSION = YES;
				CLANG_WARN_OBJC_ROOT_CLASS = YES_ERROR;
				CLANG_WARN_RANGE_LOOP_ANALYSIS = YES;
				CLANG_WARN_STRICT_PROTOTYPES = YES;
				CLANG_WARN_SUSPICIOUS_MOVE = YES;
				CLANG_WARN_UNGUARDED_AVAILABILITY = YES_AGGRESSIVE;
				CLANG_WARN_UNREACHABLE_CODE = YES;
				CLANG_WARN__DUPLICATE_METHOD_MATCH = YES;
				CODE_SIGN_IDENTITY = "iPhone Developer";
				COPY_PHASE_STRIP = NO;
				DEBUG_INFORMATION_FORMAT = "dwarf-with-dsym";
				ENABLE_NS_ASSERTIONS = NO;
				ENABLE_STRICT_OBJC_MSGSEND = YES;
				GCC_C_LANGUAGE_STANDARD = gnu11;
				GCC_NO_COMMON_BLOCKS = YES;
				GCC_WARN_64_TO_32_BIT_CONVERSION = YES;
				GCC_WARN_ABOUT_RETURN_TYPE = YES_ERROR;
				GCC_WARN_UNDECLARED_SELECTOR = YES;
				GCC_WARN_UNINITIALIZED_AUTOS = YES_AGGRESSIVE;
				GCC_WARN_UNUSED_FUNCTION = YES;
				GCC_WARN_UNUSED_VARIABLE = YES;
				IPHONEOS_DEPLOYMENT_TARGET = 11.4;
				MTL_ENABLE_DEBUG_INFO = NO;
				SDKROOT = iphoneos;
				SWIFT_COMPILATION_MODE = wholemodule;
				SWIFT_OPTIMIZATION_LEVEL = "-O";
				VALIDATE_PRODUCT = YES;
			};
			name = Release;
		};
		E1D444AA228131B100C693E7 /* Debug */ = {
			isa = XCBuildConfiguration;
			baseConfigurationReference = 95C4B6B993585B5105CE5518 /* Pods-Washroom_Rush.debug.xcconfig */;
			buildSettings = {
				ASSETCATALOG_COMPILER_APPICON_NAME = AppIcon;
				CODE_SIGN_STYLE = Automatic;
				INFOPLIST_FILE = Washroom_Rush/Info.plist;
				LD_RUNPATH_SEARCH_PATHS = (
					"$(inherited)",
					"@executable_path/Frameworks",
				);
				PRODUCT_BUNDLE_IDENTIFIER = "com.Andys.Washroom-Rush";
				PRODUCT_NAME = "$(TARGET_NAME)";
				SWIFT_VERSION = 4.0;
				TARGETED_DEVICE_FAMILY = "1,2";
			};
			name = Debug;
		};
		E1D444AB228131B100C693E7 /* Release */ = {
			isa = XCBuildConfiguration;
			baseConfigurationReference = 0FBF03625CAF628EA25DE47F /* Pods-Washroom_Rush.release.xcconfig */;
			buildSettings = {
				ASSETCATALOG_COMPILER_APPICON_NAME = AppIcon;
				CODE_SIGN_STYLE = Automatic;
				INFOPLIST_FILE = Washroom_Rush/Info.plist;
				LD_RUNPATH_SEARCH_PATHS = (
					"$(inherited)",
					"@executable_path/Frameworks",
				);
				PRODUCT_BUNDLE_IDENTIFIER = "com.Andys.Washroom-Rush";
				PRODUCT_NAME = "$(TARGET_NAME)";
				SWIFT_VERSION = 4.0;
				TARGETED_DEVICE_FAMILY = "1,2";
			};
			name = Release;
		};
/* End XCBuildConfiguration section */

/* Begin XCConfigurationList section */
		E1D44492228131B000C693E7 /* Build configuration list for PBXProject "Washroom_Rush" */ = {
			isa = XCConfigurationList;
			buildConfigurations = (
				E1D444A7228131B100C693E7 /* Debug */,
				E1D444A8228131B100C693E7 /* Release */,
			);
			defaultConfigurationIsVisible = 0;
			defaultConfigurationName = Release;
		};
		E1D444A9228131B100C693E7 /* Build configuration list for PBXNativeTarget "Washroom_Rush" */ = {
			isa = XCConfigurationList;
			buildConfigurations = (
				E1D444AA228131B100C693E7 /* Debug */,
				E1D444AB228131B100C693E7 /* Release */,
			);
			defaultConfigurationIsVisible = 0;
			defaultConfigurationName = Release;
		};
/* End XCConfigurationList section */
	};
	rootObject = E1D4448F228131B000C693E7 /* Project object */;
}
